// !$*UTF8*$!
{
	archiveVersion = 1;
	classes = {
	};
	objectVersion = 50;
	objects = {

/* Begin PBXBuildFile section */
		4FFF56C32399F601004538D6 /* AppDelegate.swift in Sources */ = {isa = PBXBuildFile; fileRef = 4FFF56C22399F601004538D6 /* AppDelegate.swift */; };
		4FFF56C52399F601004538D6 /* SceneDelegate.swift in Sources */ = {isa = PBXBuildFile; fileRef = 4FFF56C42399F601004538D6 /* SceneDelegate.swift */; };
		4FFF56C72399F601004538D6 /* StarsViewViewController.swift in Sources */ = {isa = PBXBuildFile; fileRef = 4FFF56C62399F601004538D6 /* StarsViewViewController.swift */; };
		4FFF56CA2399F601004538D6 /* Main.storyboard in Resources */ = {isa = PBXBuildFile; fileRef = 4FFF56C82399F601004538D6 /* Main.storyboard */; };
		4FFF56CC2399F604004538D6 /* Assets.xcassets in Resources */ = {isa = PBXBuildFile; fileRef = 4FFF56CB2399F604004538D6 /* Assets.xcassets */; };
		4FFF56CF2399F604004538D6 /* LaunchScreen.storyboard in Resources */ = {isa = PBXBuildFile; fileRef = 4FFF56CD2399F604004538D6 /* LaunchScreen.storyboard */; };
		4FFF56D72399FE0B004538D6 /* Star.swift in Sources */ = {isa = PBXBuildFile; fileRef = 4FFF56D62399FE0B004538D6 /* Star.swift */; };
		4FFF56DD239A0293004538D6 /* starController.swift in Sources */ = {isa = PBXBuildFile; fileRef = 4FFF56DC239A0293004538D6 /* starController.swift */; };
		4FFF56E1239A05FD004538D6 /* StarTableViewCell.swift in Sources */ = {isa = PBXBuildFile; fileRef = 4FFF56E0239A05FD004538D6 /* StarTableViewCell.swift */; };
/* End PBXBuildFile section */

/* Begin PBXFileReference section */
		4FFF56BF2399F601004538D6 /* Stars.app4.app */ = {isa = PBXFileReference; explicitFileType = wrapper.application; includeInIndex = 0; path = Stars.app4.app; sourceTree = BUILT_PRODUCTS_DIR; };
		4FFF56C22399F601004538D6 /* AppDelegate.swift */ = {isa = PBXFileReference; lastKnownFileType = sourcecode.swift; path = AppDelegate.swift; sourceTree = "<group>"; };
		4FFF56C42399F601004538D6 /* SceneDelegate.swift */ = {isa = PBXFileReference; lastKnownFileType = sourcecode.swift; path = SceneDelegate.swift; sourceTree = "<group>"; };
		4FFF56C62399F601004538D6 /* StarsViewViewController.swift */ = {isa = PBXFileReference; lastKnownFileType = sourcecode.swift; path = StarsViewViewController.swift; sourceTree = "<group>"; };
		4FFF56C92399F601004538D6 /* Base */ = {isa = PBXFileReference; lastKnownFileType = file.storyboard; name = Base; path = Base.lproj/Main.storyboard; sourceTree = "<group>"; };
		4FFF56CB2399F604004538D6 /* Assets.xcassets */ = {isa = PBXFileReference; lastKnownFileType = folder.assetcatalog; path = Assets.xcassets; sourceTree = "<group>"; };
		4FFF56CE2399F604004538D6 /* Base */ = {isa = PBXFileReference; lastKnownFileType = file.storyboard; name = Base; path = Base.lproj/LaunchScreen.storyboard; sourceTree = "<group>"; };
		4FFF56D02399F604004538D6 /* Info.plist */ = {isa = PBXFileReference; lastKnownFileType = text.plist.xml; path = Info.plist; sourceTree = "<group>"; };
		4FFF56D62399FE0B004538D6 /* Star.swift */ = {isa = PBXFileReference; lastKnownFileType = sourcecode.swift; path = Star.swift; sourceTree = "<group>"; };
		4FFF56DC239A0293004538D6 /* starController.swift */ = {isa = PBXFileReference; lastKnownFileType = sourcecode.swift; path = starController.swift; sourceTree = "<group>"; };
		4FFF56E0239A05FD004538D6 /* StarTableViewCell.swift */ = {isa = PBXFileReference; lastKnownFileType = sourcecode.swift; path = StarTableViewCell.swift; sourceTree = "<group>"; };
/* End PBXFileReference section */

/* Begin PBXFrameworksBuildPhase section */
		4FFF56BC2399F601004538D6 /* Frameworks */ = {
			isa = PBXFrameworksBuildPhase;
			buildActionMask = 2147483647;
			files = (
			);
			runOnlyForDeploymentPostprocessing = 0;
		};
/* End PBXFrameworksBuildPhase section */

/* Begin PBXGroup section */
		4FFF56B62399F601004538D6 = {
			isa = PBXGroup;
			children = (
				4FFF56C12399F601004538D6 /* Stars.app4 */,
				4FFF56C02399F601004538D6 /* Products */,
			);
			sourceTree = "<group>";
		};
		4FFF56C02399F601004538D6 /* Products */ = {
			isa = PBXGroup;
			children = (
				4FFF56BF2399F601004538D6 /* Stars.app4.app */,
			);
			name = Products;
			sourceTree = "<group>";
		};
		4FFF56C12399F601004538D6 /* Stars.app4 */ = {
			isa = PBXGroup;
			children = (
				4FFF56C22399F601004538D6 /* AppDelegate.swift */,
				4FFF56C42399F601004538D6 /* SceneDelegate.swift */,
				4FFF56C62399F601004538D6 /* StarsViewViewController.swift */,
				4FFF56C82399F601004538D6 /* Main.storyboard */,
				4FFF56CB2399F604004538D6 /* Assets.xcassets */,
				4FFF56CD2399F604004538D6 /* LaunchScreen.storyboard */,
				4FFF56D02399F604004538D6 /* Info.plist */,
				4FFF56D82399FEB3004538D6 /* Model */,
				4FFF56DB2399FFA6004538D6 /* Controllers */,
			);
			path = Stars.app4;
			sourceTree = "<group>";
		};
		4FFF56D82399FEB3004538D6 /* Model */ = {
			isa = PBXGroup;
			children = (
				4FFF56D62399FE0B004538D6 /* Star.swift */,
			);
			path = Model;
			sourceTree = "<group>";
		};
		4FFF56DB2399FFA6004538D6 /* Controllers */ = {
			isa = PBXGroup;
			children = (
				4FFF56DC239A0293004538D6 /* starController.swift */,
				4FFF56E0239A05FD004538D6 /* StarTableViewCell.swift */,
			);
			path = Controllers;
			sourceTree = "<group>";
		};
/* End PBXGroup section */

/* Begin PBXNativeTarget section */
		4FFF56BE2399F601004538D6 /* Stars.app4 */ = {
			isa = PBXNativeTarget;
			buildConfigurationList = 4FFF56D32399F604004538D6 /* Build configuration list for PBXNativeTarget "Stars.app4" */;
			buildPhases = (
				4FFF56BB2399F601004538D6 /* Sources */,
				4FFF56BC2399F601004538D6 /* Frameworks */,
				4FFF56BD2399F601004538D6 /* Resources */,
			);
			buildRules = (
			);
			dependencies = (
			);
			name = Stars.app4;
			productName = Stars.app4;
			productReference = 4FFF56BF2399F601004538D6 /* Stars.app4.app */;
			productType = "com.apple.product-type.application";
		};
/* End PBXNativeTarget section */

/* Begin PBXProject section */
		4FFF56B72399F601004538D6 /* Project object */ = {
			isa = PBXProject;
			attributes = {
				LastSwiftUpdateCheck = 1130;
				LastUpgradeCheck = 1130;
				ORGANIZATIONNAME = "Osha Washington";
				TargetAttributes = {
					4FFF56BE2399F601004538D6 = {
						CreatedOnToolsVersion = 11.3;
					};
				};
			};
			buildConfigurationList = 4FFF56BA2399F601004538D6 /* Build configuration list for PBXProject "Stars.app4" */;
			compatibilityVersion = "Xcode 9.3";
			developmentRegion = en;
			hasScannedForEncodings = 0;
			knownRegions = (
				en,
				Base,
			);
			mainGroup = 4FFF56B62399F601004538D6;
			productRefGroup = 4FFF56C02399F601004538D6 /* Products */;
			projectDirPath = "";
			projectRoot = "";
			targets = (
				4FFF56BE2399F601004538D6 /* Stars.app4 */,
			);
		};
/* End PBXProject section */

/* Begin PBXResourcesBuildPhase section */
		4FFF56BD2399F601004538D6 /* Resources */ = {
			isa = PBXResourcesBuildPhase;
			buildActionMask = 2147483647;
			files = (
				4FFF56CF2399F604004538D6 /* LaunchScreen.storyboard in Resources */,
				4FFF56CC2399F604004538D6 /* Assets.xcassets in Resources */,
				4FFF56CA2399F601004538D6 /* Main.storyboard in Resources */,
			);
			runOnlyForDeploymentPostprocessing = 0;
		};
/* End PBXResourcesBuildPhase section */

/* Begin PBXSourcesBuildPhase section */
		4FFF56BB2399F601004538D6 /* Sources */ = {
			isa = PBXSourcesBuildPhase;
			buildActionMask = 2147483647;
			files = (
				4FFF56C72399F601004538D6 /* StarsViewViewController.swift in Sources */,
				4FFF56E1239A05FD004538D6 /* StarTableViewCell.swift in Sources */,
				4FFF56DD239A0293004538D6 /* starController.swift in Sources */,
				4FFF56C32399F601004538D6 /* AppDelegate.swift in Sources */,
				4FFF56C52399F601004538D6 /* SceneDelegate.swift in Sources */,
				4FFF56D72399FE0B004538D6 /* Star.swift in Sources */,
			);
			runOnlyForDeploymentPostprocessing = 0;
		};
/* End PBXSourcesBuildPhase section */

/* Begin PBXVariantGroup section */
		4FFF56C82399F601004538D6 /* Main.storyboard */ = {
			isa = PBXVariantGroup;
			children = (
				4FFF56C92399F601004538D6 /* Base */,
			);
			name = Main.storyboard;
			sourceTree = "<group>";
		};
		4FFF56CD2399F604004538D6 /* LaunchScreen.storyboard */ = {
			isa = PBXVariantGroup;
			children = (
				4FFF56CE2399F604004538D6 /* Base */,
			);
			name = LaunchScreen.storyboard;
			sourceTree = "<group>";
		};
/* End PBXVariantGroup section */

/* Begin XCBuildConfiguration section */
		4FFF56D12399F604004538D6 /* Debug */ = {
			isa = XCBuildConfiguration;
			buildSettings = {
				ALWAYS_SEARCH_USER_PATHS = NO;
				CLANG_ANALYZER_NONNULL = YES;
				CLANG_ANALYZER_NUMBER_OBJECT_CONVERSION = YES_AGGRESSIVE;
				CLANG_CXX_LANGUAGE_STANDARD = "gnu++14";
				CLANG_CXX_LIBRARY = "libc++";
				CLANG_ENABLE_MODULES = YES;
				CLANG_ENABLE_OBJC_ARC = YES;
				CLANG_ENABLE_OBJC_WEAK = YES;
				CLANG_WARN_BLOCK_CAPTURE_AUTORELEASING = YES;
				CLANG_WARN_BOOL_CONVERSION = YES;
				CLANG_WARN_COMMA = YES;
				CLANG_WARN_CONSTANT_CONVERSION = YES;
				CLANG_WARN_DEPRECATED_OBJC_IMPLEMENTATIONS = YES;
				CLANG_WARN_DIRECT_OBJC_ISA_USAGE = YES_ERROR;
				CLANG_WARN_DOCUMENTATION_COMMENTS = YES;
				CLANG_WARN_EMPTY_BODY = YES;
				CLANG_WARN_ENUM_CONVERSION = YES;
				CLANG_WARN_INFINITE_RECURSION = YES;
				CLANG_WARN_INT_CONVERSION = YES;
				CLANG_WARN_NON_LITERAL_NULL_CONVERSION = YES;
				CLANG_WARN_OBJC_IMPLICIT_RETAIN_SELF = YES;
				CLANG_WARN_OBJC_LITERAL_CONVERSION = YES;
				CLANG_WARN_OBJC_ROOT_CLASS = YES_ERROR;
				CLANG_WARN_RANGE_LOOP_ANALYSIS = YES;
				CLANG_WARN_STRICT_PROTOTYPES = YES;
				CLANG_WARN_SUSPICIOUS_MOVE = YES;
				CLANG_WARN_UNGUARDED_AVAILABILITY = YES_AGGRESSIVE;
				CLANG_WARN_UNREACHABLE_CODE = YES;
				CLANG_WARN__DUPLICATE_METHOD_MATCH = YES;
				COPY_PHASE_STRIP = NO;
				DEBUG_INFORMATION_FORMAT = dwarf;
				ENABLE_STRICT_OBJC_MSGSEND = YES;
				ENABLE_TESTABILITY = YES;
				GCC_C_LANGUAGE_STANDARD = gnu11;
				GCC_DYNAMIC_NO_PIC = NO;
				GCC_NO_COMMON_BLOCKS = YES;
				GCC_OPTIMIZATION_LEVEL = 0;
				GCC_PREPROCESSOR_DEFINITIONS = (
					"DEBUG=1",
					"$(inherited)",
				);
				GCC_WARN_64_TO_32_BIT_CONVERSION = YES;
				GCC_WARN_ABOUT_RETURN_TYPE = YES_ERROR;
				GCC_WARN_UNDECLARED_SELECTOR = YES;
				GCC_WARN_UNINITIALIZED_AUTOS = YES_AGGRESSIVE;
				GCC_WARN_UNUSED_FUNCTION = YES;
				GCC_WARN_UNUSED_VARIABLE = YES;
				IPHONEOS_DEPLOYMENT_TARGET = 13.2;
				MTL_ENABLE_DEBUG_INFO = INCLUDE_SOURCE;
				MTL_FAST_MATH = YES;
				ONLY_ACTIVE_ARCH = YES;
				SDKROOT = iphoneos;
				SWIFT_ACTIVE_COMPILATION_CONDITIONS = DEBUG;
				SWIFT_OPTIMIZATION_LEVEL = "-Onone";
			};
			name = Debug;
		};
		4FFF56D22399F604004538D6 /* Release */ = {
			isa = XCBuildConfiguration;
			buildSettings = {
				ALWAYS_SEARCH_USER_PATHS = NO;
				CLANG_ANALYZER_NONNULL = YES;
				CLANG_ANALYZER_NUMBER_OBJECT_CONVERSION = YES_AGGRESSIVE;
				CLANG_CXX_LANGUAGE_STANDARD = "gnu++14";
				CLANG_CXX_LIBRARY = "libc++";
				CLANG_ENABLE_MODULES = YES;
				CLANG_ENABLE_OBJC_ARC = YES;
				CLANG_ENABLE_OBJC_WEAK = YES;
				CLANG_WARN_BLOCK_CAPTURE_AUTORELEASING = YES;
				CLANG_WARN_BOOL_CONVERSION = YES;
				CLANG_WARN_COMMA = YES;
				CLANG_WARN_CONSTANT_CONVERSION = YES;
				CLANG_WARN_DEPRECATED_OBJC_IMPLEMENTATIONS = YES;
				CLANG_WARN_DIRECT_OBJC_ISA_USAGE = YES_ERROR;
				CLANG_WARN_DOCUMENTATION_COMMENTS = YES;
				CLANG_WARN_EMPTY_BODY = YES;
				CLANG_WARN_ENUM_CONVERSION = YES;
				CLANG_WARN_INFINITE_RECURSION = YES;
				CLANG_WARN_INT_CONVERSION = YES;
				CLANG_WARN_NON_LITERAL_NULL_CONVERSION = YES;
				CLANG_WARN_OBJC_IMPLICIT_RETAIN_SELF = YES;
				CLANG_WARN_OBJC_LITERAL_CONVERSION = YES;
				CLANG_WARN_OBJC_ROOT_CLASS = YES_ERROR;
				CLANG_WARN_RANGE_LOOP_ANALYSIS = YES;
				CLANG_WARN_STRICT_PROTOTYPES = YES;
				CLANG_WARN_SUSPICIOUS_MOVE = YES;
				CLANG_WARN_UNGUARDED_AVAILABILITY = YES_AGGRESSIVE;
				CLANG_WARN_UNREACHABLE_CODE = YES;
				CLANG_WARN__DUPLICATE_METHOD_MATCH = YES;
				COPY_PHASE_STRIP = NO;
				DEBUG_INFORMATION_FORMAT = "dwarf-with-dsym";
				ENABLE_NS_ASSERTIONS = NO;
				ENABLE_STRICT_OBJC_MSGSEND = YES;
				GCC_C_LANGUAGE_STANDARD = gnu11;
				GCC_NO_COMMON_BLOCKS = YES;
				GCC_WARN_64_TO_32_BIT_CONVERSION = YES;
				GCC_WARN_ABOUT_RETURN_TYPE = YES_ERROR;
				GCC_WARN_UNDECLARED_SELECTOR = YES;
				GCC_WARN_UNINITIALIZED_AUTOS = YES_AGGRESSIVE;
				GCC_WARN_UNUSED_FUNCTION = YES;
				GCC_WARN_UNUSED_VARIABLE = YES;
				IPHONEOS_DEPLOYMENT_TARGET = 13.2;
				MTL_ENABLE_DEBUG_INFO = NO;
				MTL_FAST_MATH = YES;
				SDKROOT = iphoneos;
				SWIFT_COMPILATION_MODE = wholemodule;
				SWIFT_OPTIMIZATION_LEVEL = "-O";
				VALIDATE_PRODUCT = YES;
			};
			name = Release;
		};
		4FFF56D42399F604004538D6 /* Debug */ = {
			isa = XCBuildConfiguration;
			buildSettings = {
				ASSETCATALOG_COMPILER_APPICON_NAME = AppIcon;
				CODE_SIGN_STYLE = Automatic;
				DEVELOPMENT_TEAM = TR9CSTTURC;
				INFOPLIST_FILE = Stars.app4/Info.plist;
				LD_RUNPATH_SEARCH_PATHS = (
					"$(inherited)",
					"@executable_path/Frameworks",
				);
				PRODUCT_BUNDLE_IDENTIFIER = "Com.Osha..Stars-app4";
				PRODUCT_NAME = "$(TARGET_NAME)";
				SWIFT_VERSION = 5.0;
				TARGETED_DEVICE_FAMILY = "1,2";
			};
			name = Debug;
		};
		4FFF56D52399F604004538D6 /* Release */ = {
			isa = XCBuildConfiguration;
			buildSettings = {
				ASSETCATALOG_COMPILER_APPICON_NAME = AppIcon;
				CODE_SIGN_STYLE = Automatic;
				DEVELOPMENT_TEAM = TR9CSTTURC;
				INFOPLIST_FILE = Stars.app4/Info.plist;
				LD_RUNPATH_SEARCH_PATHS = (
					"$(inherited)",
					"@executable_path/Frameworks",
				);
				PRODUCT_BUNDLE_IDENTIFIER = "Com.Osha..Stars-app4";
				PRODUCT_NAME = "$(TARGET_NAME)";
				SWIFT_VERSION = 5.0;
				TARGETED_DEVICE_FAMILY = "1,2";
			};
			name = Release;
		};
/* End XCBuildConfiguration section */

/* Begin XCConfigurationList section */
		4FFF56BA2399F601004538D6 /* Build configuration list for PBXProject "Stars.app4" */ = {
			isa = XCConfigurationList;
			buildConfigurations = (
				4FFF56D12399F604004538D6 /* Debug */,
				4FFF56D22399F604004538D6 /* Release */,
			);
			defaultConfigurationIsVisible = 0;
			defaultConfigurationName = Release;
		};
		4FFF56D32399F604004538D6 /* Build configuration list for PBXNativeTarget "Stars.app4" */ = {
			isa = XCConfigurationList;
			buildConfigurations = (
				4FFF56D42399F604004538D6 /* Debug */,
				4FFF56D52399F604004538D6 /* Release */,
			);
			defaultConfigurationIsVisible = 0;
			defaultConfigurationName = Release;
		};
/* End XCConfigurationList section */
	};
	rootObject = 4FFF56B72399F601004538D6 /* Project object */;
}
